
Microsoft Visual Studio Solution File, Format Version 12.00
# Visual Studio Version 17
VisualStudioVersion = 17.0.31903.59
MinimumVisualStudioVersion = 10.0.40219.1
Project("{FAE04EC0-301F-11D3-BF4B-00C04F79EFBC}") = "CodingPlatform.Domain", "CodingPlatform.Domain\CodingPlatform.Domain.csproj", "{BCE99CB5-4ED8-4F23-9080-4F34605090EA}"
EndProject
Project("{FAE04EC0-301F-11D3-BF4B-00C04F79EFBC}") = "CodingPlatform.Infrastructure", "CodingPlatform.Infrastructure\CodingPlatform.Infrastructure.csproj", "{8E474FA3-3521-4C01-BB23-7BC4D3051F45}"
EndProject
Project("{FAE04EC0-301F-11D3-BF4B-00C04F79EFBC}") = "CodingPlatform.Web", "CodingPlatform.Web\CodingPlatform.Web.csproj", "{A2820F71-E1F2-4D2A-8782-E0DEF9A61334}"
EndProject
Project("{2150E333-8FDC-42A3-9474-1A3956D46DE8}") = "tests", "tests", "{5DF806F6-A172-40A4-A746-8EC2070CD5A1}"
EndProject
Project("{FAE04EC0-301F-11D3-BF4B-00C04F79EFBC}") = "CodingPlatform.Infrastructure.UnitTests", "tests\CodingPlatform.Infrastructure.UnitTests\CodingPlatform.Infrastructure.UnitTests.csproj", "{CD7283A8-7F69-4371-A4AE-2472278CEFE1}"
EndProject
Project("{FAE04EC0-301F-11D3-BF4B-00C04F79EFBC}") = "CodingPlatform.Domain.UnitTests", "tests\CodingPlatform.Domain.UnitTests\CodingPlatform.Domain.UnitTests.csproj", "{DE260B86-E44D-4524-9B01-F6E1C73C9607}"
EndProject
Global
	GlobalSection(SolutionConfigurationPlatforms) = preSolution
		Debug|Any CPU = Debug|Any CPU
		Release|Any CPU = Release|Any CPU
	EndGlobalSection
	GlobalSection(SolutionProperties) = preSolution
		HideSolutionNode = FALSE
	EndGlobalSection
	GlobalSection(ProjectConfigurationPlatforms) = postSolution
		{BCE99CB5-4ED8-4F23-9080-4F34605090EA}.Debug|Any CPU.ActiveCfg = Debug|Any CPU
		{BCE99CB5-4ED8-4F23-9080-4F34605090EA}.Debug|Any CPU.Build.0 = Debug|Any CPU
		{BCE99CB5-4ED8-4F23-9080-4F34605090EA}.Release|Any CPU.ActiveCfg = Release|Any CPU
		{BCE99CB5-4ED8-4F23-9080-4F34605090EA}.Release|Any CPU.Build.0 = Release|Any CPU
		{8E474FA3-3521-4C01-BB23-7BC4D3051F45}.Debug|Any CPU.ActiveCfg = Debug|Any CPU
		{8E474FA3-3521-4C01-BB23-7BC4D3051F45}.Debug|Any CPU.Build.0 = Debug|Any CPU
		{8E474FA3-3521-4C01-BB23-7BC4D3051F45}.Release|Any CPU.ActiveCfg = Release|Any CPU
		{8E474FA3-3521-4C01-BB23-7BC4D3051F45}.Release|Any CPU.Build.0 = Release|Any CPU
		{A2820F71-E1F2-4D2A-8782-E0DEF9A61334}.Debug|Any CPU.ActiveCfg = Debug|Any CPU
		{A2820F71-E1F2-4D2A-8782-E0DEF9A61334}.Debug|Any CPU.Build.0 = Debug|Any CPU
		{A2820F71-E1F2-4D2A-8782-E0DEF9A61334}.Release|Any CPU.ActiveCfg = Release|Any CPU
		{A2820F71-E1F2-4D2A-8782-E0DEF9A61334}.Release|Any CPU.Build.0 = Release|Any CPU
		{2E5733C4-D23F-40B3-BE36-D68EB2D8BE7D}.Debug|Any CPU.ActiveCfg = Debug|Any CPU
		{2E5733C4-D23F-40B3-BE36-D68EB2D8BE7D}.Debug|Any CPU.Build.0 = Debug|Any CPU
		{2E5733C4-D23F-40B3-BE36-D68EB2D8BE7D}.Release|Any CPU.ActiveCfg = Release|Any CPU
		{2E5733C4-D23F-40B3-BE36-D68EB2D8BE7D}.Release|Any CPU.Build.0 = Release|Any CPU
		{CD7283A8-7F69-4371-A4AE-2472278CEFE1}.Debug|Any CPU.ActiveCfg = Debug|Any CPU
		{CD7283A8-7F69-4371-A4AE-2472278CEFE1}.Debug|Any CPU.Build.0 = Debug|Any CPU
		{CD7283A8-7F69-4371-A4AE-2472278CEFE1}.Release|Any CPU.ActiveCfg = Release|Any CPU
		{CD7283A8-7F69-4371-A4AE-2472278CEFE1}.Release|Any CPU.Build.0 = Release|Any CPU
		{DE260B86-E44D-4524-9B01-F6E1C73C9607}.Debug|Any CPU.ActiveCfg = Debug|Any CPU
		{DE260B86-E44D-4524-9B01-F6E1C73C9607}.Debug|Any CPU.Build.0 = Debug|Any CPU
		{DE260B86-E44D-4524-9B01-F6E1C73C9607}.Release|Any CPU.ActiveCfg = Release|Any CPU
		{DE260B86-E44D-4524-9B01-F6E1C73C9607}.Release|Any CPU.Build.0 = Release|Any CPU
	EndGlobalSection
	GlobalSection(NestedProjects) = preSolution
		{CD7283A8-7F69-4371-A4AE-2472278CEFE1} = {5DF806F6-A172-40A4-A746-8EC2070CD5A1}
		{DE260B86-E44D-4524-9B01-F6E1C73C9607} = {5DF806F6-A172-40A4-A746-8EC2070CD5A1}
	EndGlobalSection
EndGlobal
